
Microsoft Visual Studio Solution File, Format Version 12.00
# Visual Studio 14
VisualStudioVersion = 14.0.24720.0
MinimumVisualStudioVersion = 10.0.40219.1
Project("{FAE04EC0-301F-11D3-BF4B-00C04F79EFBC}") = "YOPILLZ", "YOPILLZ\YOPILLZ.csproj", "{536A47D9-A95E-4D1F-AA22-26A71AEAFFBF}"
EndProject
Project("{FAE04EC0-301F-11D3-BF4B-00C04F79EFBC}") = "BusinessLayer", "BusinessLayer\BusinessLayer.csproj", "{5AD9DFF7-09D3-4B17-94ED-859E38771203}"
EndProject
Project("{FAE04EC0-301F-11D3-BF4B-00C04F79EFBC}") = "DAL", "DAL\DAL.csproj", "{044AF0F3-19E9-44C0-B64E-503E265F62B5}"
EndProject
Project("{FAE04EC0-301F-11D3-BF4B-00C04F79EFBC}") = "SyncLayer", "SyncLayer\SyncLayer.csproj", "{19578882-D6CC-43CE-84C7-F3DF6117F2D1}"
EndProject
Project("{FAE04EC0-301F-11D3-BF4B-00C04F79EFBC}") = "UnitTest", "UnitTest\UnitTest.csproj", "{0D4776C8-E097-4C39-8E38-8563C4431EC7}"
EndProject
Project("{FAE04EC0-301F-11D3-BF4B-00C04F79EFBC}") = "BusinessObjects", "BusinessObjects\BusinessObjects.csproj", "{B8B1A569-B76D-49A2-8DE3-C4F5033414E3}"
EndProject
Global
	GlobalSection(SolutionConfigurationPlatforms) = preSolution
		Debug|Any CPU = Debug|Any CPU
		Debug|ARM = Debug|ARM
		Debug|x64 = Debug|x64
		Debug|x86 = Debug|x86
		Release|Any CPU = Release|Any CPU
		Release|ARM = Release|ARM
		Release|x64 = Release|x64
		Release|x86 = Release|x86
	EndGlobalSection
	GlobalSection(ProjectConfigurationPlatforms) = postSolution
		{536A47D9-A95E-4D1F-AA22-26A71AEAFFBF}.Debug|Any CPU.ActiveCfg = Debug|x86
		{536A47D9-A95E-4D1F-AA22-26A71AEAFFBF}.Debug|ARM.ActiveCfg = Debug|ARM
		{536A47D9-A95E-4D1F-AA22-26A71AEAFFBF}.Debug|ARM.Build.0 = Debug|ARM
		{536A47D9-A95E-4D1F-AA22-26A71AEAFFBF}.Debug|ARM.Deploy.0 = Debug|ARM
		{536A47D9-A95E-4D1F-AA22-26A71AEAFFBF}.Debug|x64.ActiveCfg = Debug|x64
		{536A47D9-A95E-4D1F-AA22-26A71AEAFFBF}.Debug|x64.Build.0 = Debug|x64
		{536A47D9-A95E-4D1F-AA22-26A71AEAFFBF}.Debug|x64.Deploy.0 = Debug|x64
		{536A47D9-A95E-4D1F-AA22-26A71AEAFFBF}.Debug|x86.ActiveCfg = Debug|x86
		{536A47D9-A95E-4D1F-AA22-26A71AEAFFBF}.Debug|x86.Build.0 = Debug|x86
		{536A47D9-A95E-4D1F-AA22-26A71AEAFFBF}.Debug|x86.Deploy.0 = Debug|x86
		{536A47D9-A95E-4D1F-AA22-26A71AEAFFBF}.Release|Any CPU.ActiveCfg = Release|x86
		{536A47D9-A95E-4D1F-AA22-26A71AEAFFBF}.Release|ARM.ActiveCfg = Release|ARM
		{536A47D9-A95E-4D1F-AA22-26A71AEAFFBF}.Release|ARM.Build.0 = Release|ARM
		{536A47D9-A95E-4D1F-AA22-26A71AEAFFBF}.Release|ARM.Deploy.0 = Release|ARM
		{536A47D9-A95E-4D1F-AA22-26A71AEAFFBF}.Release|x64.ActiveCfg = Release|x64
		{536A47D9-A95E-4D1F-AA22-26A71AEAFFBF}.Release|x64.Build.0 = Release|x64
		{536A47D9-A95E-4D1F-AA22-26A71AEAFFBF}.Release|x64.Deploy.0 = Release|x64
		{536A47D9-A95E-4D1F-AA22-26A71AEAFFBF}.Release|x86.ActiveCfg = Release|x86
		{536A47D9-A95E-4D1F-AA22-26A71AEAFFBF}.Release|x86.Build.0 = Release|x86
		{536A47D9-A95E-4D1F-AA22-26A71AEAFFBF}.Release|x86.Deploy.0 = Release|x86
		{5AD9DFF7-09D3-4B17-94ED-859E38771203}.Debug|Any CPU.ActiveCfg = Debug|x86
		{5AD9DFF7-09D3-4B17-94ED-859E38771203}.Debug|Any CPU.Build.0 = Debug|x86
		{5AD9DFF7-09D3-4B17-94ED-859E38771203}.Debug|ARM.ActiveCfg = Debug|ARM
		{5AD9DFF7-09D3-4B17-94ED-859E38771203}.Debug|ARM.Build.0 = Debug|ARM
		{5AD9DFF7-09D3-4B17-94ED-859E38771203}.Debug|x64.ActiveCfg = Debug|x64
		{5AD9DFF7-09D3-4B17-94ED-859E38771203}.Debug|x64.Build.0 = Debug|x64
		{5AD9DFF7-09D3-4B17-94ED-859E38771203}.Debug|x86.ActiveCfg = Debug|x86
		{5AD9DFF7-09D3-4B17-94ED-859E38771203}.Debug|x86.Build.0 = Debug|x86
		{5AD9DFF7-09D3-4B17-94ED-859E38771203}.Release|Any CPU.ActiveCfg = Release|Any CPU
		{5AD9DFF7-09D3-4B17-94ED-859E38771203}.Release|Any CPU.Build.0 = Release|Any CPU
		{5AD9DFF7-09D3-4B17-94ED-859E38771203}.Release|ARM.ActiveCfg = Release|ARM
		{5AD9DFF7-09D3-4B17-94ED-859E38771203}.Release|ARM.Build.0 = Release|ARM
		{5AD9DFF7-09D3-4B17-94ED-859E38771203}.Release|x64.ActiveCfg = Release|x64
		{5AD9DFF7-09D3-4B17-94ED-859E38771203}.Release|x64.Build.0 = Release|x64
		{5AD9DFF7-09D3-4B17-94ED-859E38771203}.Release|x86.ActiveCfg = Release|x86
		{5AD9DFF7-09D3-4B17-94ED-859E38771203}.Release|x86.Build.0 = Release|x86
		{044AF0F3-19E9-44C0-B64E-503E265F62B5}.Debug|Any CPU.ActiveCfg = Debug|x86
		{044AF0F3-19E9-44C0-B64E-503E265F62B5}.Debug|Any CPU.Build.0 = Debug|x86
		{044AF0F3-19E9-44C0-B64E-503E265F62B5}.Debug|ARM.ActiveCfg = Debug|ARM
		{044AF0F3-19E9-44C0-B64E-503E265F62B5}.Debug|ARM.Build.0 = Debug|ARM
		{044AF0F3-19E9-44C0-B64E-503E265F62B5}.Debug|x64.ActiveCfg = Debug|x64
		{044AF0F3-19E9-44C0-B64E-503E265F62B5}.Debug|x64.Build.0 = Debug|x64
		{044AF0F3-19E9-44C0-B64E-503E265F62B5}.Debug|x86.ActiveCfg = Debug|x86
		{044AF0F3-19E9-44C0-B64E-503E265F62B5}.Debug|x86.Build.0 = Debug|x86
		{044AF0F3-19E9-44C0-B64E-503E265F62B5}.Release|Any CPU.ActiveCfg = Release|Any CPU
		{044AF0F3-19E9-44C0-B64E-503E265F62B5}.Release|Any CPU.Build.0 = Release|Any CPU
		{044AF0F3-19E9-44C0-B64E-503E265F62B5}.Release|ARM.ActiveCfg = Release|ARM
		{044AF0F3-19E9-44C0-B64E-503E265F62B5}.Release|ARM.Build.0 = Release|ARM
		{044AF0F3-19E9-44C0-B64E-503E265F62B5}.Release|x64.ActiveCfg = Release|x64
		{044AF0F3-19E9-44C0-B64E-503E265F62B5}.Release|x64.Build.0 = Release|x64
		{044AF0F3-19E9-44C0-B64E-503E265F62B5}.Release|x86.ActiveCfg = Release|x86
		{044AF0F3-19E9-44C0-B64E-503E265F62B5}.Release|x86.Build.0 = Release|x86
		{19578882-D6CC-43CE-84C7-F3DF6117F2D1}.Debug|Any CPU.ActiveCfg = Debug|x86
		{19578882-D6CC-43CE-84C7-F3DF6117F2D1}.Debug|Any CPU.Build.0 = Debug|x86
		{19578882-D6CC-43CE-84C7-F3DF6117F2D1}.Debug|ARM.ActiveCfg = Debug|ARM
		{19578882-D6CC-43CE-84C7-F3DF6117F2D1}.Debug|ARM.Build.0 = Debug|ARM
		{19578882-D6CC-43CE-84C7-F3DF6117F2D1}.Debug|x64.ActiveCfg = Debug|x64
		{19578882-D6CC-43CE-84C7-F3DF6117F2D1}.Debug|x64.Build.0 = Debug|x64
		{19578882-D6CC-43CE-84C7-F3DF6117F2D1}.Debug|x86.ActiveCfg = Debug|x86
		{19578882-D6CC-43CE-84C7-F3DF6117F2D1}.Debug|x86.Build.0 = Debug|x86
		{19578882-D6CC-43CE-84C7-F3DF6117F2D1}.Release|Any CPU.ActiveCfg = Release|Any CPU
		{19578882-D6CC-43CE-84C7-F3DF6117F2D1}.Release|Any CPU.Build.0 = Release|Any CPU
		{19578882-D6CC-43CE-84C7-F3DF6117F2D1}.Release|ARM.ActiveCfg = Release|ARM
		{19578882-D6CC-43CE-84C7-F3DF6117F2D1}.Release|ARM.Build.0 = Release|ARM
		{19578882-D6CC-43CE-84C7-F3DF6117F2D1}.Release|x64.ActiveCfg = Release|x64
		{19578882-D6CC-43CE-84C7-F3DF6117F2D1}.Release|x64.Build.0 = Release|x64
		{19578882-D6CC-43CE-84C7-F3DF6117F2D1}.Release|x86.ActiveCfg = Release|x86
		{19578882-D6CC-43CE-84C7-F3DF6117F2D1}.Release|x86.Build.0 = Release|x86
		{0D4776C8-E097-4C39-8E38-8563C4431EC7}.Debug|Any CPU.ActiveCfg = Debug|x86
		{0D4776C8-E097-4C39-8E38-8563C4431EC7}.Debug|ARM.ActiveCfg = Debug|ARM
		{0D4776C8-E097-4C39-8E38-8563C4431EC7}.Debug|ARM.Build.0 = Debug|ARM
		{0D4776C8-E097-4C39-8E38-8563C4431EC7}.Debug|ARM.Deploy.0 = Debug|ARM
		{0D4776C8-E097-4C39-8E38-8563C4431EC7}.Debug|x64.ActiveCfg = Debug|x64
		{0D4776C8-E097-4C39-8E38-8563C4431EC7}.Debug|x64.Build.0 = Debug|x64
		{0D4776C8-E097-4C39-8E38-8563C4431EC7}.Debug|x64.Deploy.0 = Debug|x64
		{0D4776C8-E097-4C39-8E38-8563C4431EC7}.Debug|x86.ActiveCfg = Debug|x86
		{0D4776C8-E097-4C39-8E38-8563C4431EC7}.Release|Any CPU.ActiveCfg = Release|x86
		{0D4776C8-E097-4C39-8E38-8563C4431EC7}.Release|ARM.ActiveCfg = Release|ARM
		{0D4776C8-E097-4C39-8E38-8563C4431EC7}.Release|ARM.Build.0 = Release|ARM
		{0D4776C8-E097-4C39-8E38-8563C4431EC7}.Release|ARM.Deploy.0 = Release|ARM
		{0D4776C8-E097-4C39-8E38-8563C4431EC7}.Release|x64.ActiveCfg = Release|x64
		{0D4776C8-E097-4C39-8E38-8563C4431EC7}.Release|x64.Build.0 = Release|x64
		{0D4776C8-E097-4C39-8E38-8563C4431EC7}.Release|x64.Deploy.0 = Release|x64
		{0D4776C8-E097-4C39-8E38-8563C4431EC7}.Release|x86.ActiveCfg = Release|x86
		{0D4776C8-E097-4C39-8E38-8563C4431EC7}.Release|x86.Build.0 = Release|x86
		{0D4776C8-E097-4C39-8E38-8563C4431EC7}.Release|x86.Deploy.0 = Release|x86
		{B8B1A569-B76D-49A2-8DE3-C4F5033414E3}.Debug|Any CPU.ActiveCfg = Debug|x86
		{B8B1A569-B76D-49A2-8DE3-C4F5033414E3}.Debug|Any CPU.Build.0 = Debug|x86
		{B8B1A569-B76D-49A2-8DE3-C4F5033414E3}.Debug|ARM.ActiveCfg = Debug|ARM
		{B8B1A569-B76D-49A2-8DE3-C4F5033414E3}.Debug|ARM.Build.0 = Debug|ARM
		{B8B1A569-B76D-49A2-8DE3-C4F5033414E3}.Debug|x64.ActiveCfg = Debug|x64
		{B8B1A569-B76D-49A2-8DE3-C4F5033414E3}.Debug|x64.Build.0 = Debug|x64
		{B8B1A569-B76D-49A2-8DE3-C4F5033414E3}.Debug|x86.ActiveCfg = Debug|x86
		{B8B1A569-B76D-49A2-8DE3-C4F5033414E3}.Debug|x86.Build.0 = Debug|x86
		{B8B1A569-B76D-49A2-8DE3-C4F5033414E3}.Release|Any CPU.ActiveCfg = Release|Any CPU
		{B8B1A569-B76D-49A2-8DE3-C4F5033414E3}.Release|Any CPU.Build.0 = Release|Any CPU
		{B8B1A569-B76D-49A2-8DE3-C4F5033414E3}.Release|ARM.ActiveCfg = Release|ARM
		{B8B1A569-B76D-49A2-8DE3-C4F5033414E3}.Release|ARM.Build.0 = Release|ARM
		{B8B1A569-B76D-49A2-8DE3-C4F5033414E3}.Release|x64.ActiveCfg = Release|x64
		{B8B1A569-B76D-49A2-8DE3-C4F5033414E3}.Release|x64.Build.0 = Release|x64
		{B8B1A569-B76D-49A2-8DE3-C4F5033414E3}.Release|x86.ActiveCfg = Release|x86
		{B8B1A569-B76D-49A2-8DE3-C4F5033414E3}.Release|x86.Build.0 = Release|x86
	EndGlobalSection
	GlobalSection(SolutionProperties) = preSolution
		HideSolutionNode = FALSE
	EndGlobalSection
EndGlobal
